
Microsoft Visual Studio Solution File, Format Version 12.00
Project("{FAE04EC0-301F-11D3-BF4B-00C04F79EFBC}") = "advent_of_code_2024", "advent_of_code_2024.csproj", "{64E9D0F6-EC96-4E0C-ACC4-82319692D61B}"
EndProject
Global
	GlobalSection(SolutionConfigurationPlatforms) = preSolution
		Debug|Any CPU = Debug|Any CPU
		Release|Any CPU = Release|Any CPU
	EndGlobalSection
	GlobalSection(ProjectConfigurationPlatforms) = postSolution
		{64E9D0F6-EC96-4E0C-ACC4-82319692D61B}.Debug|Any CPU.ActiveCfg = Debug|Any CPU
		{64E9D0F6-EC96-4E0C-ACC4-82319692D61B}.Debug|Any CPU.Build.0 = Debug|Any CPU
		{64E9D0F6-EC96-4E0C-ACC4-82319692D61B}.Release|Any CPU.ActiveCfg = Release|Any CPU
		{64E9D0F6-EC96-4E0C-ACC4-82319692D61B}.Release|Any CPU.Build.0 = Release|Any CPU
	EndGlobalSection
EndGlobal
